
Microsoft Visual Studio Solution File, Format Version 12.00
# Visual Studio Version 16
VisualStudioVersion = 16.0.30907.101
MinimumVisualStudioVersion = 10.0.40219.1
Project("{9A19103F-16F7-4668-BE54-9A1E7A4F7556}") = "PlantenApplicatie", "PlantenApplicatie\PlantenApplicatie.csproj", "{04CA1B37-13AD-448D-BD89-47583FCC7F9E}"
EndProject
Project("{9A19103F-16F7-4668-BE54-9A1E7A4F7556}") = "PlantenApplicatie.DOMAIN", "PlantenApplicatie.DOMAIN\PlantenApplicatie.DOMAIN.csproj", "{19480B4F-8E55-44D5-9399-C907348ACF09}"
EndProject
Project("{FAE04EC0-301F-11D3-BF4B-00C04F79EFBC}") = "PlantenApplicatie.DATA", "PlantenApplicatie.DATA\PlantenApplicatie.DATA.csproj", "{194B935F-F269-4916-B98D-AEE5FE58B0C1}"
EndProject
Global
	GlobalSection(SolutionConfigurationPlatforms) = preSolution
		Debug|Any CPU = Debug|Any CPU
		Release|Any CPU = Release|Any CPU
	EndGlobalSection
	GlobalSection(ProjectConfigurationPlatforms) = postSolution
		{04CA1B37-13AD-448D-BD89-47583FCC7F9E}.Debug|Any CPU.ActiveCfg = Debug|Any CPU
		{04CA1B37-13AD-448D-BD89-47583FCC7F9E}.Debug|Any CPU.Build.0 = Debug|Any CPU
		{04CA1B37-13AD-448D-BD89-47583FCC7F9E}.Release|Any CPU.ActiveCfg = Release|Any CPU
		{04CA1B37-13AD-448D-BD89-47583FCC7F9E}.Release|Any CPU.Build.0 = Release|Any CPU
		{19480B4F-8E55-44D5-9399-C907348ACF09}.Debug|Any CPU.ActiveCfg = Debug|Any CPU
		{19480B4F-8E55-44D5-9399-C907348ACF09}.Debug|Any CPU.Build.0 = Debug|Any CPU
		{19480B4F-8E55-44D5-9399-C907348ACF09}.Release|Any CPU.ActiveCfg = Release|Any CPU
		{19480B4F-8E55-44D5-9399-C907348ACF09}.Release|Any CPU.Build.0 = Release|Any CPU
		{194B935F-F269-4916-B98D-AEE5FE58B0C1}.Debug|Any CPU.ActiveCfg = Debug|Any CPU
		{194B935F-F269-4916-B98D-AEE5FE58B0C1}.Debug|Any CPU.Build.0 = Debug|Any CPU
		{194B935F-F269-4916-B98D-AEE5FE58B0C1}.Release|Any CPU.ActiveCfg = Release|Any CPU
		{194B935F-F269-4916-B98D-AEE5FE58B0C1}.Release|Any CPU.Build.0 = Release|Any CPU
	EndGlobalSection
	GlobalSection(SolutionProperties) = preSolution
		HideSolutionNode = FALSE
	EndGlobalSection
	GlobalSection(ExtensibilityGlobals) = postSolution
		SolutionGuid = {526B57B7-A2C9-4CDA-A18F-4BE341557D5A}
	EndGlobalSection
EndGlobal
