
Microsoft Visual Studio Solution File, Format Version 12.00
# Visual Studio Version 16
VisualStudioVersion = 16.0.30907.101
MinimumVisualStudioVersion = 10.0.40219.1
Project("{9A19103F-16F7-4668-BE54-9A1E7A4F7556}") = "PlantenApplicatie.UI", "PlantenApplicatie.UI\PlantenApplicatie.UI.csproj", "{04CA1B37-13AD-448D-BD89-47583FCC7F9E}"
EndProject
Project("{9A19103F-16F7-4668-BE54-9A1E7A4F7556}") = "PlantenApplicatie.Domain", "PlantenApplicatie.Domain\PlantenApplicatie.Domain.csproj", "{19480B4F-8E55-44D5-9399-C907348ACF09}"
EndProject
Project("{9A19103F-16F7-4668-BE54-9A1E7A4F7556}") = "PlantenApplicatie.Data", "PlantenApplicatie.Data\PlantenApplicatie.Data.csproj", "{B4FA1004-8589-4C4E-B3F0-15D3A3FDD828}"
EndProject
Global
	GlobalSection(SolutionConfigurationPlatforms) = preSolution
		Debug|Any CPU = Debug|Any CPU
		Release|Any CPU = Release|Any CPU
	EndGlobalSection
	GlobalSection(ProjectConfigurationPlatforms) = postSolution
		{04CA1B37-13AD-448D-BD89-47583FCC7F9E}.Debug|Any CPU.ActiveCfg = Debug|Any CPU
		{04CA1B37-13AD-448D-BD89-47583FCC7F9E}.Debug|Any CPU.Build.0 = Debug|Any CPU
		{04CA1B37-13AD-448D-BD89-47583FCC7F9E}.Release|Any CPU.ActiveCfg = Release|Any CPU
		{04CA1B37-13AD-448D-BD89-47583FCC7F9E}.Release|Any CPU.Build.0 = Release|Any CPU
		{19480B4F-8E55-44D5-9399-C907348ACF09}.Debug|Any CPU.ActiveCfg = Debug|Any CPU
		{19480B4F-8E55-44D5-9399-C907348ACF09}.Debug|Any CPU.Build.0 = Debug|Any CPU
		{19480B4F-8E55-44D5-9399-C907348ACF09}.Release|Any CPU.ActiveCfg = Release|Any CPU
		{19480B4F-8E55-44D5-9399-C907348ACF09}.Release|Any CPU.Build.0 = Release|Any CPU
		{B4FA1004-8589-4C4E-B3F0-15D3A3FDD828}.Debug|Any CPU.ActiveCfg = Debug|Any CPU
		{B4FA1004-8589-4C4E-B3F0-15D3A3FDD828}.Debug|Any CPU.Build.0 = Debug|Any CPU
		{B4FA1004-8589-4C4E-B3F0-15D3A3FDD828}.Release|Any CPU.ActiveCfg = Release|Any CPU
		{B4FA1004-8589-4C4E-B3F0-15D3A3FDD828}.Release|Any CPU.Build.0 = Release|Any CPU
	EndGlobalSection
	GlobalSection(SolutionProperties) = preSolution
		HideSolutionNode = FALSE
	EndGlobalSection
	GlobalSection(ExtensibilityGlobals) = postSolution
		SolutionGuid = {526B57B7-A2C9-4CDA-A18F-4BE341557D5A}
	EndGlobalSection
EndGlobal
